
Microsoft Visual Studio Solution File, Format Version 12.00
# Visual Studio Version 16
VisualStudioVersion = 16.0.30804.86
MinimumVisualStudioVersion = 10.0.40219.1
Project("{FAE04EC0-301F-11D3-BF4B-00C04F79EFBC}") = "NatureShop", "NatureShop.csproj", "{B52E3B1A-CB25-4BA7-8481-8EF30E667C6B}"
EndProject
Project("{FAE04EC0-301F-11D3-BF4B-00C04F79EFBC}") = "NatureShopModel", "..\NatureShopModel\NatureShopModel.csproj", "{F85196DE-8500-439E-A429-9F33270356CA}"
EndProject
Global
	GlobalSection(SolutionConfigurationPlatforms) = preSolution
		Debug|Any CPU = Debug|Any CPU
		Release|Any CPU = Release|Any CPU
	EndGlobalSection
	GlobalSection(ProjectConfigurationPlatforms) = postSolution
		{B52E3B1A-CB25-4BA7-8481-8EF30E667C6B}.Debug|Any CPU.ActiveCfg = Debug|Any CPU
		{B52E3B1A-CB25-4BA7-8481-8EF30E667C6B}.Debug|Any CPU.Build.0 = Debug|Any CPU
		{B52E3B1A-CB25-4BA7-8481-8EF30E667C6B}.Release|Any CPU.ActiveCfg = Release|Any CPU
		{B52E3B1A-CB25-4BA7-8481-8EF30E667C6B}.Release|Any CPU.Build.0 = Release|Any CPU
		{F85196DE-8500-439E-A429-9F33270356CA}.Debug|Any CPU.ActiveCfg = Debug|Any CPU
		{F85196DE-8500-439E-A429-9F33270356CA}.Debug|Any CPU.Build.0 = Debug|Any CPU
		{F85196DE-8500-439E-A429-9F33270356CA}.Release|Any CPU.ActiveCfg = Release|Any CPU
		{F85196DE-8500-439E-A429-9F33270356CA}.Release|Any CPU.Build.0 = Release|Any CPU
	EndGlobalSection
	GlobalSection(SolutionProperties) = preSolution
		HideSolutionNode = FALSE
	EndGlobalSection
	GlobalSection(ExtensibilityGlobals) = postSolution
		SolutionGuid = {53D8A691-B1BD-4CCF-9AA2-88D7953D0E70}
	EndGlobalSection
EndGlobal
